
Microsoft Visual Studio Solution File, Format Version 12.00
# Visual Studio Version 17
VisualStudioVersion = 17.1.32328.378
MinimumVisualStudioVersion = 10.0.40219.1
Project("{FAE04EC0-301F-11D3-BF4B-00C04F79EFBC}") = "PZ_10v1", "PZ_10v1\PZ_10v1.csproj", "{040CA038-6159-4993-B539-84D302F1F1D6}"
EndProject
Global
	GlobalSection(SolutionConfigurationPlatforms) = preSolution
		Debug|Any CPU = Debug|Any CPU
		Release|Any CPU = Release|Any CPU
	EndGlobalSection
	GlobalSection(ProjectConfigurationPlatforms) = postSolution
		{040CA038-6159-4993-B539-84D302F1F1D6}.Debug|Any CPU.ActiveCfg = Debug|Any CPU
		{040CA038-6159-4993-B539-84D302F1F1D6}.Debug|Any CPU.Build.0 = Debug|Any CPU
		{040CA038-6159-4993-B539-84D302F1F1D6}.Release|Any CPU.ActiveCfg = Release|Any CPU
		{040CA038-6159-4993-B539-84D302F1F1D6}.Release|Any CPU.Build.0 = Release|Any CPU
	EndGlobalSection
	GlobalSection(SolutionProperties) = preSolution
		HideSolutionNode = FALSE
	EndGlobalSection
	GlobalSection(ExtensibilityGlobals) = postSolution
		SolutionGuid = {942D88F6-4EA1-4892-A044-8D700528026C}
	EndGlobalSection
EndGlobal
